#
# This file is autogenerated by pip-compile with Python 3.12
# by the following command:
#
#    pip-compile --index-url=https://pypi.org/simple --output-file=requirements-dev.lock --strip-extras requirements-dev.in
#
-e .
    # via -
colorama==0.4.6
    # via pytest
coverage==7.16.0
    # via pytest-cov
iniconfig==2.3.0
    # via pytest
packaging==26.3
    # via pytest
pluggy==1.6.0
    # via
    #   pytest
    #   pytest-cov
pygments==2.21.0
    # via pytest
pytest==9.1.1
    # via
    #   pytest-cov
    #   quant-pipeline
pytest-cov==7.1.0
    # via quant-pipeline
pyyaml==6.0.3
    # via
    #   quant-pipeline
    #   quant-workspace
quant-workspace @ git+https://github.com/PureSaber/quant-workspace.git@0deb1a30afc8b77c4d8d4b92bb86e44b6acbfefb
    # via quant-pipeline
ruff==0.16.5
    # via quant-pipeline
